// !$*UTF8*$!
{
	archiveVersion = 1;
	classes = {
	};
	objectVersion = 46;
	objects = {

/* Begin PBXAggregateTarget section */
		60C91FBF18A9C712005769C8 /* UniversalLib */ = {
			isa = PBXAggregateTarget;
			buildConfigurationList = 60C91FC018A9C712005769C8 /* Build configuration list for PBXAggregateTarget "UniversalLib" */;
			buildPhases = (
				60C91FC318A9C743005769C8 /* ShellScript */,
			);
			dependencies = (
			);
			name = UniversalLib;
			productName = UniversalLib;
		};
/* End PBXAggregateTarget section */

/* Begin PBXBuildFile section */
		60C91F9A18A9C69C005769C8 /* Foundation.framework in Frameworks */ = {isa = PBXBuildFile; fileRef = 60C91F9918A9C69C005769C8 /* Foundation.framework */; };
		60C91F9F18A9C69C005769C8 /* DFID.h in CopyFiles */ = {isa = PBXBuildFile; fileRef = 60C91F9E18A9C69C005769C8 /* DFID.h */; };
		60C91FA118A9C69C005769C8 /* DFID.m in Sources */ = {isa = PBXBuildFile; fileRef = 60C91FA018A9C69C005769C8 /* DFID.m */; };
		60C91FA818A9C69C005769C8 /* XCTest.framework in Frameworks */ = {isa = PBXBuildFile; fileRef = 60C91FA718A9C69C005769C8 /* XCTest.framework */; };
		60C91FA918A9C69C005769C8 /* Foundation.framework in Frameworks */ = {isa = PBXBuildFile; fileRef = 60C91F9918A9C69C005769C8 /* Foundation.framework */; };
		60C91FAB18A9C69C005769C8 /* UIKit.framework in Frameworks */ = {isa = PBXBuildFile; fileRef = 60C91FAA18A9C69C005769C8 /* UIKit.framework */; };
		60C91FAE18A9C69C005769C8 /* libDFID.a in Frameworks */ = {isa = PBXBuildFile; fileRef = 60C91F9618A9C69C005769C8 /* libDFID.a */; };
		60C91FB418A9C69C005769C8 /* InfoPlist.strings in Resources */ = {isa = PBXBuildFile; fileRef = 60C91FB218A9C69C005769C8 /* InfoPlist.strings */; };
		60C91FB618A9C69C005769C8 /* DFIDTests.m in Sources */ = {isa = PBXBuildFile; fileRef = 60C91FB518A9C69C005769C8 /* DFIDTests.m */; };
/* End PBXBuildFile section */

/* Begin PBXContainerItemProxy section */
		60C91FAC18A9C69C005769C8 /* PBXContainerItemProxy */ = {
			isa = PBXContainerItemProxy;
			containerPortal = 60C91F8E18A9C69C005769C8 /* Project object */;
			proxyType = 1;
			remoteGlobalIDString = 60C91F9518A9C69C005769C8;
			remoteInfo = DFID;
		};
/* End PBXContainerItemProxy section */

/* Begin PBXCopyFilesBuildPhase section */
		60C91F9418A9C69C005769C8 /* CopyFiles */ = {
			isa = PBXCopyFilesBuildPhase;
			buildActionMask = 2147483647;
			dstPath = "include/$(PRODUCT_NAME)";
			dstSubfolderSpec = 16;
			files = (
				60C91F9F18A9C69C005769C8 /* DFID.h in CopyFiles */,
			);
			runOnlyForDeploymentPostprocessing = 0;
		};
/* End PBXCopyFilesBuildPhase section */

/* Begin PBXFileReference section */
		60C91F9618A9C69C005769C8 /* libDFID.a */ = {isa = PBXFileReference; explicitFileType = archive.ar; includeInIndex = 0; path = libDFID.a; sourceTree = BUILT_PRODUCTS_DIR; };
		60C91F9918A9C69C005769C8 /* Foundation.framework */ = {isa = PBXFileReference; lastKnownFileType = wrapper.framework; name = Foundation.framework; path = System/Library/Frameworks/Foundation.framework; sourceTree = SDKROOT; };
		60C91F9D18A9C69C005769C8 /* DFID-Prefix.pch */ = {isa = PBXFileReference; lastKnownFileType = sourcecode.c.h; path = "DFID-Prefix.pch"; sourceTree = "<group>"; };
		60C91F9E18A9C69C005769C8 /* DFID.h */ = {isa = PBXFileReference; lastKnownFileType = sourcecode.c.h; path = DFID.h; sourceTree = "<group>"; };
		60C91FA018A9C69C005769C8 /* DFID.m */ = {isa = PBXFileReference; lastKnownFileType = sourcecode.c.objc; path = DFID.m; sourceTree = "<group>"; };
		60C91FA618A9C69C005769C8 /* DFIDTests.xctest */ = {isa = PBXFileReference; explicitFileType = wrapper.cfbundle; includeInIndex = 0; path = DFIDTests.xctest; sourceTree = BUILT_PRODUCTS_DIR; };
		60C91FA718A9C69C005769C8 /* XCTest.framework */ = {isa = PBXFileReference; lastKnownFileType = wrapper.framework; name = XCTest.framework; path = Library/Frameworks/XCTest.framework; sourceTree = DEVELOPER_DIR; };
		60C91FAA18A9C69C005769C8 /* UIKit.framework */ = {isa = PBXFileReference; lastKnownFileType = wrapper.framework; name = UIKit.framework; path = Library/Frameworks/UIKit.framework; sourceTree = DEVELOPER_DIR; };
		60C91FB118A9C69C005769C8 /* DFIDTests-Info.plist */ = {isa = PBXFileReference; lastKnownFileType = text.plist.xml; path = "DFIDTests-Info.plist"; sourceTree = "<group>"; };
		60C91FB318A9C69C005769C8 /* en */ = {isa = PBXFileReference; lastKnownFileType = text.plist.strings; name = en; path = en.lproj/InfoPlist.strings; sourceTree = "<group>"; };
		60C91FB518A9C69C005769C8 /* DFIDTests.m */ = {isa = PBXFileReference; lastKnownFileType = sourcecode.c.objc; path = DFIDTests.m; sourceTree = "<group>"; };
/* End PBXFileReference section */

/* Begin PBXFrameworksBuildPhase section */
		60C91F9318A9C69C005769C8 /* Frameworks */ = {
			isa = PBXFrameworksBuildPhase;
			buildActionMask = 2147483647;
			files = (
				60C91F9A18A9C69C005769C8 /* Foundation.framework in Frameworks */,
			);
			runOnlyForDeploymentPostprocessing = 0;
		};
		60C91FA318A9C69C005769C8 /* Frameworks */ = {
			isa = PBXFrameworksBuildPhase;
			buildActionMask = 2147483647;
			files = (
				60C91FA818A9C69C005769C8 /* XCTest.framework in Frameworks */,
				60C91FAB18A9C69C005769C8 /* UIKit.framework in Frameworks */,
				60C91FAE18A9C69C005769C8 /* libDFID.a in Frameworks */,
				60C91FA918A9C69C005769C8 /* Foundation.framework in Frameworks */,
			);
			runOnlyForDeploymentPostprocessing = 0;
		};
/* End PBXFrameworksBuildPhase section */

/* Begin PBXGroup section */
		60C91F8D18A9C69C005769C8 = {
			isa = PBXGroup;
			children = (
				60C91F9B18A9C69C005769C8 /* DFID */,
				60C91FAF18A9C69C005769C8 /* DFIDTests */,
				60C91F9818A9C69C005769C8 /* Frameworks */,
				60C91F9718A9C69C005769C8 /* Products */,
			);
			sourceTree = "<group>";
		};
		60C91F9718A9C69C005769C8 /* Products */ = {
			isa = PBXGroup;
			children = (
				60C91F9618A9C69C005769C8 /* libDFID.a */,
				60C91FA618A9C69C005769C8 /* DFIDTests.xctest */,
			);
			name = Products;
			sourceTree = "<group>";
		};
		60C91F9818A9C69C005769C8 /* Frameworks */ = {
			isa = PBXGroup;
			children = (
				60C91F9918A9C69C005769C8 /* Foundation.framework */,
				60C91FA718A9C69C005769C8 /* XCTest.framework */,
				60C91FAA18A9C69C005769C8 /* UIKit.framework */,
			);
			name = Frameworks;
			sourceTree = "<group>";
		};
		60C91F9B18A9C69C005769C8 /* DFID */ = {
			isa = PBXGroup;
			children = (
				60C91F9E18A9C69C005769C8 /* DFID.h */,
				60C91FA018A9C69C005769C8 /* DFID.m */,
				60C91F9C18A9C69C005769C8 /* Supporting Files */,
			);
			path = DFID;
			sourceTree = "<group>";
		};
		60C91F9C18A9C69C005769C8 /* Supporting Files */ = {
			isa = PBXGroup;
			children = (
				60C91F9D18A9C69C005769C8 /* DFID-Prefix.pch */,
			);
			name = "Supporting Files";
			sourceTree = "<group>";
		};
		60C91FAF18A9C69C005769C8 /* DFIDTests */ = {
			isa = PBXGroup;
			children = (
				60C91FB518A9C69C005769C8 /* DFIDTests.m */,
				60C91FB018A9C69C005769C8 /* Supporting Files */,
			);
			path = DFIDTests;
			sourceTree = "<group>";
		};
		60C91FB018A9C69C005769C8 /* Supporting Files */ = {
			isa = PBXGroup;
			children = (
				60C91FB118A9C69C005769C8 /* DFIDTests-Info.plist */,
				60C91FB218A9C69C005769C8 /* InfoPlist.strings */,
			);
			name = "Supporting Files";
			sourceTree = "<group>";
		};
/* End PBXGroup section */

/* Begin PBXNativeTarget section */
		60C91F9518A9C69C005769C8 /* DFID */ = {
			isa = PBXNativeTarget;
			buildConfigurationList = 60C91FB918A9C69C005769C8 /* Build configuration list for PBXNativeTarget "DFID" */;
			buildPhases = (
				60C91F9218A9C69C005769C8 /* Sources */,
				60C91F9318A9C69C005769C8 /* Frameworks */,
				60C91F9418A9C69C005769C8 /* CopyFiles */,
			);
			buildRules = (
			);
			dependencies = (
			);
			name = DFID;
			productName = DFID;
			productReference = 60C91F9618A9C69C005769C8 /* libDFID.a */;
			productType = "com.apple.product-type.library.static";
		};
		60C91FA518A9C69C005769C8 /* DFIDTests */ = {
			isa = PBXNativeTarget;
			buildConfigurationList = 60C91FBC18A9C69C005769C8 /* Build configuration list for PBXNativeTarget "DFIDTests" */;
			buildPhases = (
				60C91FA218A9C69C005769C8 /* Sources */,
				60C91FA318A9C69C005769C8 /* Frameworks */,
				60C91FA418A9C69C005769C8 /* Resources */,
			);
			buildRules = (
			);
			dependencies = (
				60C91FAD18A9C69C005769C8 /* PBXTargetDependency */,
			);
			name = DFIDTests;
			productName = DFIDTests;
			productReference = 60C91FA618A9C69C005769C8 /* DFIDTests.xctest */;
			productType = "com.apple.product-type.bundle.unit-test";
		};
/* End PBXNativeTarget section */

/* Begin PBXProject section */
		60C91F8E18A9C69C005769C8 /* Project object */ = {
			isa = PBXProject;
			attributes = {
				LastUpgradeCheck = 0500;
				ORGANIZATIONNAME = "Fiksu Inc.";
			};
			buildConfigurationList = 60C91F9118A9C69C005769C8 /* Build configuration list for PBXProject "DFID" */;
			compatibilityVersion = "Xcode 3.2";
			developmentRegion = English;
			hasScannedForEncodings = 0;
			knownRegions = (
				en,
			);
			mainGroup = 60C91F8D18A9C69C005769C8;
			productRefGroup = 60C91F9718A9C69C005769C8 /* Products */;
			projectDirPath = "";
			projectRoot = "";
			targets = (
				60C91F9518A9C69C005769C8 /* DFID */,
				60C91FA518A9C69C005769C8 /* DFIDTests */,
				60C91FBF18A9C712005769C8 /* UniversalLib */,
			);
		};
/* End PBXProject section */

/* Begin PBXResourcesBuildPhase section */
		60C91FA418A9C69C005769C8 /* Resources */ = {
			isa = PBXResourcesBuildPhase;
			buildActionMask = 2147483647;
			files = (
				60C91FB418A9C69C005769C8 /* InfoPlist.strings in Resources */,
			);
			runOnlyForDeploymentPostprocessing = 0;
		};
/* End PBXResourcesBuildPhase section */

/* Begin PBXShellScriptBuildPhase section */
		60C91FC318A9C743005769C8 /* ShellScript */ = {
			isa = PBXShellScriptBuildPhase;
			buildActionMask = 2147483647;
			files = (
			);
			inputPaths = (
			);
			outputPaths = (
			);
			runOnlyForDeploymentPostprocessing = 0;
			shellPath = /bin/sh;
			shellScript = "# define output folder environment variable\nUNIVERSAL_OUTPUTFOLDER=${BUILD_DIR}/${CONFIGURATION}-universal\n\n# Step 1. Build Device and Simulator versions\nxcodebuild -target DFID ONLY_ACTIVE_ARCH=NO -configuration ${CONFIGURATION} -sdk iphoneos  BUILD_DIR=\"${BUILD_DIR}\" BUILD_ROOT=\"${BUILD_ROOT}\"\nxcodebuild -target DFID -configuration ${CONFIGURATION} -sdk iphonesimulator -arch i386 BUILD_DIR=\"${BUILD_DIR}\" BUILD_ROOT=\"${BUILD_ROOT}\"\n\n# make sure the output directory exists\nmkdir -p \"${UNIVERSAL_OUTPUTFOLDER}\"\n\n# Step 2. Create universal binary file using lipo\nlipo -create -output \"${UNIVERSAL_OUTPUTFOLDER}/lib${PROJECT_NAME}.a\" \"${BUILD_DIR}/${CONFIGURATION}-iphoneos/lib${PROJECT_NAME}.a\" \"${BUILD_DIR}/${CONFIGURATION}-iphonesimulator/lib${PROJECT_NAME}.a\"\n\n# Last touch. copy the header files. Just for convenience\ncp -R \"${BUILD_DIR}/${CONFIGURATION}-iphoneos/include\" \"${UNIVERSAL_OUTPUTFOLDER}/\"";
		};
/* End PBXShellScriptBuildPhase section */

/* Begin PBXSourcesBuildPhase section */
		60C91F9218A9C69C005769C8 /* Sources */ = {
			isa = PBXSourcesBuildPhase;
			buildActionMask = 2147483647;
			files = (
				60C91FA118A9C69C005769C8 /* DFID.m in Sources */,
			);
			runOnlyForDeploymentPostprocessing = 0;
		};
		60C91FA218A9C69C005769C8 /* Sources */ = {
			isa = PBXSourcesBuildPhase;
			buildActionMask = 2147483647;
			files = (
				60C91FB618A9C69C005769C8 /* DFIDTests.m in Sources */,
			);
			runOnlyForDeploymentPostprocessing = 0;
		};
/* End PBXSourcesBuildPhase section */

/* Begin PBXTargetDependency section */
		60C91FAD18A9C69C005769C8 /* PBXTargetDependency */ = {
			isa = PBXTargetDependency;
			target = 60C91F9518A9C69C005769C8 /* DFID */;
			targetProxy = 60C91FAC18A9C69C005769C8 /* PBXContainerItemProxy */;
		};
/* End PBXTargetDependency section */

/* Begin PBXVariantGroup section */
		60C91FB218A9C69C005769C8 /* InfoPlist.strings */ = {
			isa = PBXVariantGroup;
			children = (
				60C91FB318A9C69C005769C8 /* en */,
			);
			name = InfoPlist.strings;
			sourceTree = "<group>";
		};
/* End PBXVariantGroup section */

/* Begin XCBuildConfiguration section */
		60C91FB718A9C69C005769C8 /* Debug */ = {
			isa = XCBuildConfiguration;
			buildSettings = {
				ALWAYS_SEARCH_USER_PATHS = NO;
				CLANG_ENABLE_MODULES = YES;
				CLANG_ENABLE_OBJC_ARC = YES;
				CLANG_WARN_BOOL_CONVERSION = YES;
				CLANG_WARN_CONSTANT_CONVERSION = YES;
				CLANG_WARN_DIRECT_OBJC_ISA_USAGE = YES_ERROR;
				CLANG_WARN_EMPTY_BODY = YES;
				CLANG_WARN_ENUM_CONVERSION = YES;
				CLANG_WARN_INT_CONVERSION = YES;
				CLANG_WARN_OBJC_ROOT_CLASS = YES_ERROR;
				CLANG_WARN__DUPLICATE_METHOD_MATCH = YES;
				COPY_PHASE_STRIP = NO;
				GCC_DYNAMIC_NO_PIC = NO;
				GCC_OPTIMIZATION_LEVEL = 0;
				GCC_PREPROCESSOR_DEFINITIONS = (
					"DEBUG=1",
					"$(inherited)",
				);
				GCC_SYMBOLS_PRIVATE_EXTERN = NO;
				GCC_WARN_64_TO_32_BIT_CONVERSION = YES;
				GCC_WARN_ABOUT_RETURN_TYPE = YES_ERROR;
				GCC_WARN_UNDECLARED_SELECTOR = YES;
				GCC_WARN_UNINITIALIZED_AUTOS = YES;
				GCC_WARN_UNUSED_FUNCTION = YES;
				GCC_WARN_UNUSED_VARIABLE = YES;
				IPHONEOS_DEPLOYMENT_TARGET = 6.0;
				ONLY_ACTIVE_ARCH = YES;
				SDKROOT = iphoneos;
				TARGETED_DEVICE_FAMILY = "1,2";
			};
			name = Debug;
		};
		60C91FB818A9C69C005769C8 /* Release */ = {
			isa = XCBuildConfiguration;
			buildSettings = {
				ALWAYS_SEARCH_USER_PATHS = NO;
				CLANG_ENABLE_MODULES = YES;
				CLANG_ENABLE_OBJC_ARC = YES;
				CLANG_WARN_BOOL_CONVERSION = YES;
				CLANG_WARN_CONSTANT_CONVERSION = YES;
				CLANG_WARN_DIRECT_OBJC_ISA_USAGE = YES_ERROR;
				CLANG_WARN_EMPTY_BODY = YES;
				CLANG_WARN_ENUM_CONVERSION = YES;
				CLANG_WARN_INT_CONVERSION = YES;
				CLANG_WARN_OBJC_ROOT_CLASS = YES_ERROR;
				CLANG_WARN__DUPLICATE_METHOD_MATCH = YES;
				COPY_PHASE_STRIP = YES;
				ENABLE_NS_ASSERTIONS = NO;
				GCC_WARN_64_TO_32_BIT_CONVERSION = YES;
				GCC_WARN_ABOUT_RETURN_TYPE = YES_ERROR;
				GCC_WARN_UNDECLARED_SELECTOR = YES;
				GCC_WARN_UNINITIALIZED_AUTOS = YES;
				GCC_WARN_UNUSED_FUNCTION = YES;
				GCC_WARN_UNUSED_VARIABLE = YES;
				IPHONEOS_DEPLOYMENT_TARGET = 6.0;
				SDKROOT = iphoneos;
				TARGETED_DEVICE_FAMILY = "1,2";
				VALIDATE_PRODUCT = YES;
			};
			name = Release;
		};
		60C91FBA18A9C69C005769C8 /* Debug */ = {
			isa = XCBuildConfiguration;
			buildSettings = {
				DSTROOT = /tmp/DFID.dst;
				GCC_PRECOMPILE_PREFIX_HEADER = YES;
				GCC_PREFIX_HEADER = "DFID/DFID-Prefix.pch";
				OTHER_LDFLAGS = "-ObjC";
				PRODUCT_NAME = "$(TARGET_NAME)";
				SKIP_INSTALL = YES;
			};
			name = Debug;
		};
		60C91FBB18A9C69C005769C8 /* Release */ = {
			isa = XCBuildConfiguration;
			buildSettings = {
				DSTROOT = /tmp/DFID.dst;
				GCC_PRECOMPILE_PREFIX_HEADER = YES;
				GCC_PREFIX_HEADER = "DFID/DFID-Prefix.pch";
				OTHER_LDFLAGS = "-ObjC";
				PRODUCT_NAME = "$(TARGET_NAME)";
				SKIP_INSTALL = YES;
			};
			name = Release;
		};
		60C91FBD18A9C69C005769C8 /* Debug */ = {
			isa = XCBuildConfiguration;
			buildSettings = {
				ARCHS = "$(ARCHS_STANDARD_INCLUDING_64_BIT)";
				FRAMEWORK_SEARCH_PATHS = (
					"$(SDKROOT)/Developer/Library/Frameworks",
					"$(inherited)",
					"$(DEVELOPER_FRAMEWORKS_DIR)",
				);
				GCC_PRECOMPILE_PREFIX_HEADER = YES;
				GCC_PREFIX_HEADER = "DFID/DFID-Prefix.pch";
				GCC_PREPROCESSOR_DEFINITIONS = (
					"DEBUG=1",
					"$(inherited)",
				);
				INFOPLIST_FILE = "DFIDTests/DFIDTests-Info.plist";
				PRODUCT_NAME = "$(TARGET_NAME)";
				WRAPPER_EXTENSION = xctest;
			};
			name = Debug;
		};
		60C91FBE18A9C69C005769C8 /* Release */ = {
			isa = XCBuildConfiguration;
			buildSettings = {
				ARCHS = "$(ARCHS_STANDARD_INCLUDING_64_BIT)";
				FRAMEWORK_SEARCH_PATHS = (
					"$(SDKROOT)/Developer/Library/Frameworks",
					"$(inherited)",
					"$(DEVELOPER_FRAMEWORKS_DIR)",
				);
				GCC_PRECOMPILE_PREFIX_HEADER = YES;
				GCC_PREFIX_HEADER = "DFID/DFID-Prefix.pch";
				INFOPLIST_FILE = "DFIDTests/DFIDTests-Info.plist";
				PRODUCT_NAME = "$(TARGET_NAME)";
				WRAPPER_EXTENSION = xctest;
			};
			name = Release;
		};
		60C91FC118A9C712005769C8 /* Debug */ = {
			isa = XCBuildConfiguration;
			buildSettings = {
				PRODUCT_NAME = "$(TARGET_NAME)";
			};
			name = Debug;
		};
		60C91FC218A9C712005769C8 /* Release */ = {
			isa = XCBuildConfiguration;
			buildSettings = {
				PRODUCT_NAME = "$(TARGET_NAME)";
			};
			name = Release;
		};
/* End XCBuildConfiguration section */

/* Begin XCConfigurationList section */
		60C91F9118A9C69C005769C8 /* Build configuration list for PBXProject "DFID" */ = {
			isa = XCConfigurationList;
			buildConfigurations = (
				60C91FB718A9C69C005769C8 /* Debug */,
				60C91FB818A9C69C005769C8 /* Release */,
			);
			defaultConfigurationIsVisible = 0;
			defaultConfigurationName = Release;
		};
		60C91FB918A9C69C005769C8 /* Build configuration list for PBXNativeTarget "DFID" */ = {
			isa = XCConfigurationList;
			buildConfigurations = (
				60C91FBA18A9C69C005769C8 /* Debug */,
				60C91FBB18A9C69C005769C8 /* Release */,
			);
			defaultConfigurationIsVisible = 0;
		};
		60C91FBC18A9C69C005769C8 /* Build configuration list for PBXNativeTarget "DFIDTests" */ = {
			isa = XCConfigurationList;
			buildConfigurations = (
				60C91FBD18A9C69C005769C8 /* Debug */,
				60C91FBE18A9C69C005769C8 /* Release */,
			);
			defaultConfigurationIsVisible = 0;
		};
		60C91FC018A9C712005769C8 /* Build configuration list for PBXAggregateTarget "UniversalLib" */ = {
			isa = XCConfigurationList;
			buildConfigurations = (
				60C91FC118A9C712005769C8 /* Debug */,
				60C91FC218A9C712005769C8 /* Release */,
			);
			defaultConfigurationIsVisible = 0;
		};
/* End XCConfigurationList section */
	};
	rootObject = 60C91F8E18A9C69C005769C8 /* Project object */;
}
